
Microsoft Visual Studio Solution File, Format Version 12.00
# Visual Studio Version 17
VisualStudioVersion = 17.12.35527.113
MinimumVisualStudioVersion = 10.0.40219.1
Project("{FAE04EC0-301F-11D3-BF4B-00C04F79EFBC}") = "UOP.Domain", "UOP.Domain\UOP.Domain.csproj", "{9CC8C64B-D0AD-4699-BF7C-84D16816AF6E}"
EndProject
Project("{FAE04EC0-301F-11D3-BF4B-00C04F79EFBC}") = "UOP.Infrastructure", "UOP.Infrastructure\UOP.Infrastructure.csproj", "{465DC583-F4E3-46BD-8559-32E1B63B128A}"
EndProject
Project("{FAE04EC0-301F-11D3-BF4B-00C04F79EFBC}") = "UOP.Application", "UOP.Application\UOP.Application.csproj", "{8B8B7856-4991-4A48-8E47-8248F9AAD0E2}"
EndProject
Project("{FAE04EC0-301F-11D3-BF4B-00C04F79EFBC}") = "UOP.Web.API", "UOP.Web.API\UOP.Web.API.csproj", "{00A509FB-840B-48CB-9BBA-980731AB4B9C}"
EndProject
Global
	GlobalSection(SolutionConfigurationPlatforms) = preSolution
		Debug|Any CPU = Debug|Any CPU
		Release|Any CPU = Release|Any CPU
	EndGlobalSection
	GlobalSection(ProjectConfigurationPlatforms) = postSolution
		{9CC8C64B-D0AD-4699-BF7C-84D16816AF6E}.Debug|Any CPU.ActiveCfg = Debug|Any CPU
		{9CC8C64B-D0AD-4699-BF7C-84D16816AF6E}.Debug|Any CPU.Build.0 = Debug|Any CPU
		{9CC8C64B-D0AD-4699-BF7C-84D16816AF6E}.Release|Any CPU.ActiveCfg = Release|Any CPU
		{9CC8C64B-D0AD-4699-BF7C-84D16816AF6E}.Release|Any CPU.Build.0 = Release|Any CPU
		{465DC583-F4E3-46BD-8559-32E1B63B128A}.Debug|Any CPU.ActiveCfg = Debug|Any CPU
		{465DC583-F4E3-46BD-8559-32E1B63B128A}.Debug|Any CPU.Build.0 = Debug|Any CPU
		{465DC583-F4E3-46BD-8559-32E1B63B128A}.Release|Any CPU.ActiveCfg = Release|Any CPU
		{465DC583-F4E3-46BD-8559-32E1B63B128A}.Release|Any CPU.Build.0 = Release|Any CPU
		{8B8B7856-4991-4A48-8E47-8248F9AAD0E2}.Debug|Any CPU.ActiveCfg = Debug|Any CPU
		{8B8B7856-4991-4A48-8E47-8248F9AAD0E2}.Debug|Any CPU.Build.0 = Debug|Any CPU
		{8B8B7856-4991-4A48-8E47-8248F9AAD0E2}.Release|Any CPU.ActiveCfg = Release|Any CPU
		{8B8B7856-4991-4A48-8E47-8248F9AAD0E2}.Release|Any CPU.Build.0 = Release|Any CPU
		{00A509FB-840B-48CB-9BBA-980731AB4B9C}.Debug|Any CPU.ActiveCfg = Debug|Any CPU
		{00A509FB-840B-48CB-9BBA-980731AB4B9C}.Debug|Any CPU.Build.0 = Debug|Any CPU
		{00A509FB-840B-48CB-9BBA-980731AB4B9C}.Release|Any CPU.ActiveCfg = Release|Any CPU
		{00A509FB-840B-48CB-9BBA-980731AB4B9C}.Release|Any CPU.Build.0 = Release|Any CPU
	EndGlobalSection
	GlobalSection(SolutionProperties) = preSolution
		HideSolutionNode = FALSE
	EndGlobalSection
EndGlobal
